
Microsoft Visual Studio Solution File, Format Version 12.00
# Visual Studio 15
VisualStudioVersion = 15.0.27703.2000
MinimumVisualStudioVersion = 10.0.40219.1
Project("{FAE04EC0-301F-11D3-BF4B-00C04F79EFBC}") = "Shammill.LodeR", "Shammill.LodeR\Shammill.LodeR.csproj", "{D9B3287C-FA6F-4432-B9F3-EE6C1DB24916}"
EndProject
Global
	GlobalSection(SolutionConfigurationPlatforms) = preSolution
		Debug|Any CPU = Debug|Any CPU
		Release|Any CPU = Release|Any CPU
	EndGlobalSection
	GlobalSection(ProjectConfigurationPlatforms) = postSolution
		{D9B3287C-FA6F-4432-B9F3-EE6C1DB24916}.Debug|Any CPU.ActiveCfg = Debug|Any CPU
		{D9B3287C-FA6F-4432-B9F3-EE6C1DB24916}.Debug|Any CPU.Build.0 = Debug|Any CPU
		{D9B3287C-FA6F-4432-B9F3-EE6C1DB24916}.Release|Any CPU.ActiveCfg = Release|Any CPU
		{D9B3287C-FA6F-4432-B9F3-EE6C1DB24916}.Release|Any CPU.Build.0 = Release|Any CPU
	EndGlobalSection
	GlobalSection(SolutionProperties) = preSolution
		HideSolutionNode = FALSE
	EndGlobalSection
	GlobalSection(ExtensibilityGlobals) = postSolution
		SolutionGuid = {7F0A0A5B-2D66-4C1B-A794-7CED72026646}
	EndGlobalSection
EndGlobal
